// !$*UTF8*$!
{
	archiveVersion = 1;
	classes = {
	};
	objectVersion = 55;
	objects = {

/* Begin PBXBuildFile section */
		8C2388E4286F8FCE00547C96 /* AppDelegate.swift in Sources */ = {isa = PBXBuildFile; fileRef = 8C2388E3286F8FCE00547C96 /* AppDelegate.swift */; };
		8C2388E6286F8FCE00547C96 /* SceneDelegate.swift in Sources */ = {isa = PBXBuildFile; fileRef = 8C2388E5286F8FCE00547C96 /* SceneDelegate.swift */; };
		8C2388E8286F8FCE00547C96 /* ViewController.swift in Sources */ = {isa = PBXBuildFile; fileRef = 8C2388E7286F8FCE00547C96 /* ViewController.swift */; };
		8C2388EB286F8FCE00547C96 /* Main.storyboard in Resources */ = {isa = PBXBuildFile; fileRef = 8C2388E9286F8FCE00547C96 /* Main.storyboard */; };
		8C2388ED286F8FCF00547C96 /* Assets.xcassets in Resources */ = {isa = PBXBuildFile; fileRef = 8C2388EC286F8FCF00547C96 /* Assets.xcassets */; };
		8C2388F0286F8FCF00547C96 /* LaunchScreen.storyboard in Resources */ = {isa = PBXBuildFile; fileRef = 8C2388EE286F8FCF00547C96 /* LaunchScreen.storyboard */; };
		8C2388FB286F8FCF00547C96 /* DiscountTests.swift in Sources */ = {isa = PBXBuildFile; fileRef = 8C2388FA286F8FCF00547C96 /* DiscountTests.swift */; };
		8C238905286F8FCF00547C96 /* DiscountUITests.swift in Sources */ = {isa = PBXBuildFile; fileRef = 8C238904286F8FCF00547C96 /* DiscountUITests.swift */; };
		8C238907286F8FCF00547C96 /* DiscountUITestsLaunchTests.swift in Sources */ = {isa = PBXBuildFile; fileRef = 8C238906286F8FCF00547C96 /* DiscountUITestsLaunchTests.swift */; };
		8C48E89A2871A53D00B9914F /* music.jpeg in Resources */ = {isa = PBXBuildFile; fileRef = 8C48E8992871A53D00B9914F /* music.jpeg */; };
/* End PBXBuildFile section */

/* Begin PBXContainerItemProxy section */
		8C2388F7286F8FCF00547C96 /* PBXContainerItemProxy */ = {
			isa = PBXContainerItemProxy;
			containerPortal = 8C2388D8286F8FCE00547C96 /* Project object */;
			proxyType = 1;
			remoteGlobalIDString = 8C2388DF286F8FCE00547C96;
			remoteInfo = Discount;
		};
		8C238901286F8FCF00547C96 /* PBXContainerItemProxy */ = {
			isa = PBXContainerItemProxy;
			containerPortal = 8C2388D8286F8FCE00547C96 /* Project object */;
			proxyType = 1;
			remoteGlobalIDString = 8C2388DF286F8FCE00547C96;
			remoteInfo = Discount;
		};
/* End PBXContainerItemProxy section */

/* Begin PBXFileReference section */
		8C2388E0286F8FCE00547C96 /* Discount.app */ = {isa = PBXFileReference; explicitFileType = wrapper.application; includeInIndex = 0; path = Discount.app; sourceTree = BUILT_PRODUCTS_DIR; };
		8C2388E3286F8FCE00547C96 /* AppDelegate.swift */ = {isa = PBXFileReference; lastKnownFileType = sourcecode.swift; path = AppDelegate.swift; sourceTree = "<group>"; };
		8C2388E5286F8FCE00547C96 /* SceneDelegate.swift */ = {isa = PBXFileReference; lastKnownFileType = sourcecode.swift; path = SceneDelegate.swift; sourceTree = "<group>"; };
		8C2388E7286F8FCE00547C96 /* ViewController.swift */ = {isa = PBXFileReference; lastKnownFileType = sourcecode.swift; path = ViewController.swift; sourceTree = "<group>"; };
		8C2388EA286F8FCE00547C96 /* Base */ = {isa = PBXFileReference; lastKnownFileType = file.storyboard; name = Base; path = Base.lproj/Main.storyboard; sourceTree = "<group>"; };
		8C2388EC286F8FCF00547C96 /* Assets.xcassets */ = {isa = PBXFileReference; lastKnownFileType = folder.assetcatalog; path = Assets.xcassets; sourceTree = "<group>"; };
		8C2388EF286F8FCF00547C96 /* Base */ = {isa = PBXFileReference; lastKnownFileType = file.storyboard; name = Base; path = Base.lproj/LaunchScreen.storyboard; sourceTree = "<group>"; };
		8C2388F1286F8FCF00547C96 /* Info.plist */ = {isa = PBXFileReference; lastKnownFileType = text.plist.xml; path = Info.plist; sourceTree = "<group>"; };
		8C2388F6286F8FCF00547C96 /* DiscountTests.xctest */ = {isa = PBXFileReference; explicitFileType = wrapper.cfbundle; includeInIndex = 0; path = DiscountTests.xctest; sourceTree = BUILT_PRODUCTS_DIR; };
		8C2388FA286F8FCF00547C96 /* DiscountTests.swift */ = {isa = PBXFileReference; lastKnownFileType = sourcecode.swift; path = DiscountTests.swift; sourceTree = "<group>"; };
		8C238900286F8FCF00547C96 /* DiscountUITests.xctest */ = {isa = PBXFileReference; explicitFileType = wrapper.cfbundle; includeInIndex = 0; path = DiscountUITests.xctest; sourceTree = BUILT_PRODUCTS_DIR; };
		8C238904286F8FCF00547C96 /* DiscountUITests.swift */ = {isa = PBXFileReference; lastKnownFileType = sourcecode.swift; path = DiscountUITests.swift; sourceTree = "<group>"; };
		8C238906286F8FCF00547C96 /* DiscountUITestsLaunchTests.swift */ = {isa = PBXFileReference; lastKnownFileType = sourcecode.swift; path = DiscountUITestsLaunchTests.swift; sourceTree = "<group>"; };
		8C48E8992871A53D00B9914F /* music.jpeg */ = {isa = PBXFileReference; lastKnownFileType = image.jpeg; path = music.jpeg; sourceTree = "<group>"; };
/* End PBXFileReference section */

/* Begin PBXFrameworksBuildPhase section */
		8C2388DD286F8FCE00547C96 /* Frameworks */ = {
			isa = PBXFrameworksBuildPhase;
			buildActionMask = 2147483647;
			files = (
			);
			runOnlyForDeploymentPostprocessing = 0;
		};
		8C2388F3286F8FCF00547C96 /* Frameworks */ = {
			isa = PBXFrameworksBuildPhase;
			buildActionMask = 2147483647;
			files = (
			);
			runOnlyForDeploymentPostprocessing = 0;
		};
		8C2388FD286F8FCF00547C96 /* Frameworks */ = {
			isa = PBXFrameworksBuildPhase;
			buildActionMask = 2147483647;
			files = (
			);
			runOnlyForDeploymentPostprocessing = 0;
		};
/* End PBXFrameworksBuildPhase section */

/* Begin PBXGroup section */
		8C2388D7286F8FCE00547C96 = {
			isa = PBXGroup;
			children = (
				8C2388E2286F8FCE00547C96 /* Discount */,
				8C2388F9286F8FCF00547C96 /* DiscountTests */,
				8C238903286F8FCF00547C96 /* DiscountUITests */,
				8C2388E1286F8FCE00547C96 /* Products */,
			);
			sourceTree = "<group>";
		};
		8C2388E1286F8FCE00547C96 /* Products */ = {
			isa = PBXGroup;
			children = (
				8C2388E0286F8FCE00547C96 /* Discount.app */,
				8C2388F6286F8FCF00547C96 /* DiscountTests.xctest */,
				8C238900286F8FCF00547C96 /* DiscountUITests.xctest */,
			);
			name = Products;
			sourceTree = "<group>";
		};
		8C2388E2286F8FCE00547C96 /* Discount */ = {
			isa = PBXGroup;
			children = (
				8C238916286F930A00547C96 /* Controllers */,
				8C238915286F92F900547C96 /* Views */,
				8C238913286F92DF00547C96 /* Models */,
				8C2388E3286F8FCE00547C96 /* AppDelegate.swift */,
				8C2388E5286F8FCE00547C96 /* SceneDelegate.swift */,
				8C2388EC286F8FCF00547C96 /* Assets.xcassets */,
				8C48E8992871A53D00B9914F /* music.jpeg */,
				8C2388F1286F8FCF00547C96 /* Info.plist */,
			);
			path = Discount;
			sourceTree = "<group>";
		};
		8C2388F9286F8FCF00547C96 /* DiscountTests */ = {
			isa = PBXGroup;
			children = (
				8C2388FA286F8FCF00547C96 /* DiscountTests.swift */,
			);
			path = DiscountTests;
			sourceTree = "<group>";
		};
		8C238903286F8FCF00547C96 /* DiscountUITests */ = {
			isa = PBXGroup;
			children = (
				8C238904286F8FCF00547C96 /* DiscountUITests.swift */,
				8C238906286F8FCF00547C96 /* DiscountUITestsLaunchTests.swift */,
			);
			path = DiscountUITests;
			sourceTree = "<group>";
		};
		8C238913286F92DF00547C96 /* Models */ = {
			isa = PBXGroup;
			children = (
			);
			path = Models;
			sourceTree = "<group>";
		};
		8C238915286F92F900547C96 /* Views */ = {
			isa = PBXGroup;
			children = (
				8C238917286F933900547C96 /* Storyboards */,
			);
			path = Views;
			sourceTree = "<group>";
		};
		8C238916286F930A00547C96 /* Controllers */ = {
			isa = PBXGroup;
			children = (
				8C2388E7286F8FCE00547C96 /* ViewController.swift */,
			);
			path = Controllers;
			sourceTree = "<group>";
		};
		8C238917286F933900547C96 /* Storyboards */ = {
			isa = PBXGroup;
			children = (
				8C2388EE286F8FCF00547C96 /* LaunchScreen.storyboard */,
				8C2388E9286F8FCE00547C96 /* Main.storyboard */,
			);
			path = Storyboards;
			sourceTree = "<group>";
		};
/* End PBXGroup section */

/* Begin PBXNativeTarget section */
		8C2388DF286F8FCE00547C96 /* Discount */ = {
			isa = PBXNativeTarget;
			buildConfigurationList = 8C23890A286F8FCF00547C96 /* Build configuration list for PBXNativeTarget "Discount" */;
			buildPhases = (
				8C2388DC286F8FCE00547C96 /* Sources */,
				8C2388DD286F8FCE00547C96 /* Frameworks */,
				8C2388DE286F8FCE00547C96 /* Resources */,
			);
			buildRules = (
			);
			dependencies = (
			);
			name = Discount;
			productName = Discount;
			productReference = 8C2388E0286F8FCE00547C96 /* Discount.app */;
			productType = "com.apple.product-type.application";
		};
		8C2388F5286F8FCF00547C96 /* DiscountTests */ = {
			isa = PBXNativeTarget;
			buildConfigurationList = 8C23890D286F8FCF00547C96 /* Build configuration list for PBXNativeTarget "DiscountTests" */;
			buildPhases = (
				8C2388F2286F8FCF00547C96 /* Sources */,
				8C2388F3286F8FCF00547C96 /* Frameworks */,
				8C2388F4286F8FCF00547C96 /* Resources */,
			);
			buildRules = (
			);
			dependencies = (
				8C2388F8286F8FCF00547C96 /* PBXTargetDependency */,
			);
			name = DiscountTests;
			productName = DiscountTests;
			productReference = 8C2388F6286F8FCF00547C96 /* DiscountTests.xctest */;
			productType = "com.apple.product-type.bundle.unit-test";
		};
		8C2388FF286F8FCF00547C96 /* DiscountUITests */ = {
			isa = PBXNativeTarget;
			buildConfigurationList = 8C238910286F8FCF00547C96 /* Build configuration list for PBXNativeTarget "DiscountUITests" */;
			buildPhases = (
				8C2388FC286F8FCF00547C96 /* Sources */,
				8C2388FD286F8FCF00547C96 /* Frameworks */,
				8C2388FE286F8FCF00547C96 /* Resources */,
			);
			buildRules = (
			);
			dependencies = (
				8C238902286F8FCF00547C96 /* PBXTargetDependency */,
			);
			name = DiscountUITests;
			productName = DiscountUITests;
			productReference = 8C238900286F8FCF00547C96 /* DiscountUITests.xctest */;
			productType = "com.apple.product-type.bundle.ui-testing";
		};
/* End PBXNativeTarget section */

/* Begin PBXProject section */
		8C2388D8286F8FCE00547C96 /* Project object */ = {
			isa = PBXProject;
			attributes = {
				BuildIndependentTargetsInParallel = 1;
				LastSwiftUpdateCheck = 1320;
				LastUpgradeCheck = 1320;
				TargetAttributes = {
					8C2388DF286F8FCE00547C96 = {
						CreatedOnToolsVersion = 13.2.1;
					};
					8C2388F5286F8FCF00547C96 = {
						CreatedOnToolsVersion = 13.2.1;
						TestTargetID = 8C2388DF286F8FCE00547C96;
					};
					8C2388FF286F8FCF00547C96 = {
						CreatedOnToolsVersion = 13.2.1;
						TestTargetID = 8C2388DF286F8FCE00547C96;
					};
				};
			};
			buildConfigurationList = 8C2388DB286F8FCE00547C96 /* Build configuration list for PBXProject "Discount" */;
			compatibilityVersion = "Xcode 13.0";
			developmentRegion = en;
			hasScannedForEncodings = 0;
			knownRegions = (
				en,
				Base,
			);
			mainGroup = 8C2388D7286F8FCE00547C96;
			productRefGroup = 8C2388E1286F8FCE00547C96 /* Products */;
			projectDirPath = "";
			projectRoot = "";
			targets = (
				8C2388DF286F8FCE00547C96 /* Discount */,
				8C2388F5286F8FCF00547C96 /* DiscountTests */,
				8C2388FF286F8FCF00547C96 /* DiscountUITests */,
			);
		};
/* End PBXProject section */

/* Begin PBXResourcesBuildPhase section */
		8C2388DE286F8FCE00547C96 /* Resources */ = {
			isa = PBXResourcesBuildPhase;
			buildActionMask = 2147483647;
			files = (
				8C2388F0286F8FCF00547C96 /* LaunchScreen.storyboard in Resources */,
				8C2388ED286F8FCF00547C96 /* Assets.xcassets in Resources */,
				8C2388EB286F8FCE00547C96 /* Main.storyboard in Resources */,
				8C48E89A2871A53D00B9914F /* music.jpeg in Resources */,
			);
			runOnlyForDeploymentPostprocessing = 0;
		};
		8C2388F4286F8FCF00547C96 /* Resources */ = {
			isa = PBXResourcesBuildPhase;
			buildActionMask = 2147483647;
			files = (
			);
			runOnlyForDeploymentPostprocessing = 0;
		};
		8C2388FE286F8FCF00547C96 /* Resources */ = {
			isa = PBXResourcesBuildPhase;
			buildActionMask = 2147483647;
			files = (
			);
			runOnlyForDeploymentPostprocessing = 0;
		};
/* End PBXResourcesBuildPhase section */

/* Begin PBXSourcesBuildPhase section */
		8C2388DC286F8FCE00547C96 /* Sources */ = {
			isa = PBXSourcesBuildPhase;
			buildActionMask = 2147483647;
			files = (
				8C2388E8286F8FCE00547C96 /* ViewController.swift in Sources */,
				8C2388E4286F8FCE00547C96 /* AppDelegate.swift in Sources */,
				8C2388E6286F8FCE00547C96 /* SceneDelegate.swift in Sources */,
			);
			runOnlyForDeploymentPostprocessing = 0;
		};
		8C2388F2286F8FCF00547C96 /* Sources */ = {
			isa = PBXSourcesBuildPhase;
			buildActionMask = 2147483647;
			files = (
				8C2388FB286F8FCF00547C96 /* DiscountTests.swift in Sources */,
			);
			runOnlyForDeploymentPostprocessing = 0;
		};
		8C2388FC286F8FCF00547C96 /* Sources */ = {
			isa = PBXSourcesBuildPhase;
			buildActionMask = 2147483647;
			files = (
				8C238907286F8FCF00547C96 /* DiscountUITestsLaunchTests.swift in Sources */,
				8C238905286F8FCF00547C96 /* DiscountUITests.swift in Sources */,
			);
			runOnlyForDeploymentPostprocessing = 0;
		};
/* End PBXSourcesBuildPhase section */

/* Begin PBXTargetDependency section */
		8C2388F8286F8FCF00547C96 /* PBXTargetDependency */ = {
			isa = PBXTargetDependency;
			target = 8C2388DF286F8FCE00547C96 /* Discount */;
			targetProxy = 8C2388F7286F8FCF00547C96 /* PBXContainerItemProxy */;
		};
		8C238902286F8FCF00547C96 /* PBXTargetDependency */ = {
			isa = PBXTargetDependency;
			target = 8C2388DF286F8FCE00547C96 /* Discount */;
			targetProxy = 8C238901286F8FCF00547C96 /* PBXContainerItemProxy */;
		};
/* End PBXTargetDependency section */

/* Begin PBXVariantGroup section */
		8C2388E9286F8FCE00547C96 /* Main.storyboard */ = {
			isa = PBXVariantGroup;
			children = (
				8C2388EA286F8FCE00547C96 /* Base */,
			);
			name = Main.storyboard;
			sourceTree = "<group>";
		};
		8C2388EE286F8FCF00547C96 /* LaunchScreen.storyboard */ = {
			isa = PBXVariantGroup;
			children = (
				8C2388EF286F8FCF00547C96 /* Base */,
			);
			name = LaunchScreen.storyboard;
			sourceTree = "<group>";
		};
/* End PBXVariantGroup section */

/* Begin XCBuildConfiguration section */
		8C238908286F8FCF00547C96 /* Debug */ = {
			isa = XCBuildConfiguration;
			buildSettings = {
				ALWAYS_SEARCH_USER_PATHS = NO;
				CLANG_ANALYZER_NONNULL = YES;
				CLANG_ANALYZER_NUMBER_OBJECT_CONVERSION = YES_AGGRESSIVE;
				CLANG_CXX_LANGUAGE_STANDARD = "gnu++17";
				CLANG_CXX_LIBRARY = "libc++";
				CLANG_ENABLE_MODULES = YES;
				CLANG_ENABLE_OBJC_ARC = YES;
				CLANG_ENABLE_OBJC_WEAK = YES;
				CLANG_WARN_BLOCK_CAPTURE_AUTORELEASING = YES;
				CLANG_WARN_BOOL_CONVERSION = YES;
				CLANG_WARN_COMMA = YES;
				CLANG_WARN_CONSTANT_CONVERSION = YES;
				CLANG_WARN_DEPRECATED_OBJC_IMPLEMENTATIONS = YES;
				CLANG_WARN_DIRECT_OBJC_ISA_USAGE = YES_ERROR;
				CLANG_WARN_DOCUMENTATION_COMMENTS = YES;
				CLANG_WARN_EMPTY_BODY = YES;
				CLANG_WARN_ENUM_CONVERSION = YES;
				CLANG_WARN_INFINITE_RECURSION = YES;
				CLANG_WARN_INT_CONVERSION = YES;
				CLANG_WARN_NON_LITERAL_NULL_CONVERSION = YES;
				CLANG_WARN_OBJC_IMPLICIT_RETAIN_SELF = YES;
				CLANG_WARN_OBJC_LITERAL_CONVERSION = YES;
				CLANG_WARN_OBJC_ROOT_CLASS = YES_ERROR;
				CLANG_WARN_QUOTED_INCLUDE_IN_FRAMEWORK_HEADER = YES;
				CLANG_WARN_RANGE_LOOP_ANALYSIS = YES;
				CLANG_WARN_STRICT_PROTOTYPES = YES;
				CLANG_WARN_SUSPICIOUS_MOVE = YES;
				CLANG_WARN_UNGUARDED_AVAILABILITY = YES_AGGRESSIVE;
				CLANG_WARN_UNREACHABLE_CODE = YES;
				CLANG_WARN__DUPLICATE_METHOD_MATCH = YES;
				COPY_PHASE_STRIP = NO;
				DEBUG_INFORMATION_FORMAT = dwarf;
				ENABLE_STRICT_OBJC_MSGSEND = YES;
				ENABLE_TESTABILITY = YES;
				GCC_C_LANGUAGE_STANDARD = gnu11;
				GCC_DYNAMIC_NO_PIC = NO;
				GCC_NO_COMMON_BLOCKS = YES;
				GCC_OPTIMIZATION_LEVEL = 0;
				GCC_PREPROCESSOR_DEFINITIONS = (
					"DEBUG=1",
					"$(inherited)",
				);
				GCC_WARN_64_TO_32_BIT_CONVERSION = YES;
				GCC_WARN_ABOUT_RETURN_TYPE = YES_ERROR;
				GCC_WARN_UNDECLARED_SELECTOR = YES;
				GCC_WARN_UNINITIALIZED_AUTOS = YES_AGGRESSIVE;
				GCC_WARN_UNUSED_FUNCTION = YES;
				GCC_WARN_UNUSED_VARIABLE = YES;
				IPHONEOS_DEPLOYMENT_TARGET = 15.2;
				MTL_ENABLE_DEBUG_INFO = INCLUDE_SOURCE;
				MTL_FAST_MATH = YES;
				ONLY_ACTIVE_ARCH = YES;
				SDKROOT = iphoneos;
				SWIFT_ACTIVE_COMPILATION_CONDITIONS = DEBUG;
				SWIFT_OPTIMIZATION_LEVEL = "-Onone";
			};
			name = Debug;
		};
		8C238909286F8FCF00547C96 /* Release */ = {
			isa = XCBuildConfiguration;
			buildSettings = {
				ALWAYS_SEARCH_USER_PATHS = NO;
				CLANG_ANALYZER_NONNULL = YES;
				CLANG_ANALYZER_NUMBER_OBJECT_CONVERSION = YES_AGGRESSIVE;
				CLANG_CXX_LANGUAGE_STANDARD = "gnu++17";
				CLANG_CXX_LIBRARY = "libc++";
				CLANG_ENABLE_MODULES = YES;
				CLANG_ENABLE_OBJC_ARC = YES;
				CLANG_ENABLE_OBJC_WEAK = YES;
				CLANG_WARN_BLOCK_CAPTURE_AUTORELEASING = YES;
				CLANG_WARN_BOOL_CONVERSION = YES;
				CLANG_WARN_COMMA = YES;
				CLANG_WARN_CONSTANT_CONVERSION = YES;
				CLANG_WARN_DEPRECATED_OBJC_IMPLEMENTATIONS = YES;
				CLANG_WARN_DIRECT_OBJC_ISA_USAGE = YES_ERROR;
				CLANG_WARN_DOCUMENTATION_COMMENTS = YES;
				CLANG_WARN_EMPTY_BODY = YES;
				CLANG_WARN_ENUM_CONVERSION = YES;
				CLANG_WARN_INFINITE_RECURSION = YES;
				CLANG_WARN_INT_CONVERSION = YES;
				CLANG_WARN_NON_LITERAL_NULL_CONVERSION = YES;
				CLANG_WARN_OBJC_IMPLICIT_RETAIN_SELF = YES;
				CLANG_WARN_OBJC_LITERAL_CONVERSION = YES;
				CLANG_WARN_OBJC_ROOT_CLASS = YES_ERROR;
				CLANG_WARN_QUOTED_INCLUDE_IN_FRAMEWORK_HEADER = YES;
				CLANG_WARN_RANGE_LOOP_ANALYSIS = YES;
				CLANG_WARN_STRICT_PROTOTYPES = YES;
				CLANG_WARN_SUSPICIOUS_MOVE = YES;
				CLANG_WARN_UNGUARDED_AVAILABILITY = YES_AGGRESSIVE;
				CLANG_WARN_UNREACHABLE_CODE = YES;
				CLANG_WARN__DUPLICATE_METHOD_MATCH = YES;
				COPY_PHASE_STRIP = NO;
				DEBUG_INFORMATION_FORMAT = "dwarf-with-dsym";
				ENABLE_NS_ASSERTIONS = NO;
				ENABLE_STRICT_OBJC_MSGSEND = YES;
				GCC_C_LANGUAGE_STANDARD = gnu11;
				GCC_NO_COMMON_BLOCKS = YES;
				GCC_WARN_64_TO_32_BIT_CONVERSION = YES;
				GCC_WARN_ABOUT_RETURN_TYPE = YES_ERROR;
				GCC_WARN_UNDECLARED_SELECTOR = YES;
				GCC_WARN_UNINITIALIZED_AUTOS = YES_AGGRESSIVE;
				GCC_WARN_UNUSED_FUNCTION = YES;
				GCC_WARN_UNUSED_VARIABLE = YES;
				IPHONEOS_DEPLOYMENT_TARGET = 15.2;
				MTL_ENABLE_DEBUG_INFO = NO;
				MTL_FAST_MATH = YES;
				SDKROOT = iphoneos;
				SWIFT_COMPILATION_MODE = wholemodule;
				SWIFT_OPTIMIZATION_LEVEL = "-O";
				VALIDATE_PRODUCT = YES;
			};
			name = Release;
		};
		8C23890B286F8FCF00547C96 /* Debug */ = {
			isa = XCBuildConfiguration;
			buildSettings = {
				ASSETCATALOG_COMPILER_APPICON_NAME = AppIcon;
				ASSETCATALOG_COMPILER_GLOBAL_ACCENT_COLOR_NAME = AccentColor;
				CODE_SIGN_STYLE = Automatic;
				CURRENT_PROJECT_VERSION = 1;
				DEVELOPMENT_TEAM = C5YF5J9V8N;
				GENERATE_INFOPLIST_FILE = YES;
				INFOPLIST_FILE = Discount/Info.plist;
				INFOPLIST_KEY_UIApplicationSupportsIndirectInputEvents = YES;
				INFOPLIST_KEY_UILaunchStoryboardName = LaunchScreen;
				INFOPLIST_KEY_UIMainStoryboardFile = Main;
				INFOPLIST_KEY_UISupportedInterfaceOrientations = "UIInterfaceOrientationLandscapeRight UIInterfaceOrientationLandscapeLeft";
				INFOPLIST_KEY_UISupportedInterfaceOrientations_iPad = "UIInterfaceOrientationLandscapeLeft UIInterfaceOrientationLandscapeRight";
				INFOPLIST_KEY_UISupportedInterfaceOrientations_iPhone = "UIInterfaceOrientationLandscapeLeft UIInterfaceOrientationLandscapeRight";
				LD_RUNPATH_SEARCH_PATHS = (
					"$(inherited)",
					"@executable_path/Frameworks",
				);
				MARKETING_VERSION = 1.0;
				PRODUCT_BUNDLE_IDENTIFIER = comndrt.Discount;
				PRODUCT_NAME = "$(TARGET_NAME)";
				SWIFT_EMIT_LOC_STRINGS = YES;
				SWIFT_VERSION = 5.0;
				TARGETED_DEVICE_FAMILY = "1,2";
			};
			name = Debug;
		};
		8C23890C286F8FCF00547C96 /* Release */ = {
			isa = XCBuildConfiguration;
			buildSettings = {
				ASSETCATALOG_COMPILER_APPICON_NAME = AppIcon;
				ASSETCATALOG_COMPILER_GLOBAL_ACCENT_COLOR_NAME = AccentColor;
				CODE_SIGN_STYLE = Automatic;
				CURRENT_PROJECT_VERSION = 1;
				DEVELOPMENT_TEAM = C5YF5J9V8N;
				GENERATE_INFOPLIST_FILE = YES;
				INFOPLIST_FILE = Discount/Info.plist;
				INFOPLIST_KEY_UIApplicationSupportsIndirectInputEvents = YES;
				INFOPLIST_KEY_UILaunchStoryboardName = LaunchScreen;
				INFOPLIST_KEY_UIMainStoryboardFile = Main;
				INFOPLIST_KEY_UISupportedInterfaceOrientations = "UIInterfaceOrientationLandscapeRight UIInterfaceOrientationLandscapeLeft";
				INFOPLIST_KEY_UISupportedInterfaceOrientations_iPad = "UIInterfaceOrientationLandscapeLeft UIInterfaceOrientationLandscapeRight";
				INFOPLIST_KEY_UISupportedInterfaceOrientations_iPhone = "UIInterfaceOrientationLandscapeLeft UIInterfaceOrientationLandscapeRight";
				LD_RUNPATH_SEARCH_PATHS = (
					"$(inherited)",
					"@executable_path/Frameworks",
				);
				MARKETING_VERSION = 1.0;
				PRODUCT_BUNDLE_IDENTIFIER = comndrt.Discount;
				PRODUCT_NAME = "$(TARGET_NAME)";
				SWIFT_EMIT_LOC_STRINGS = YES;
				SWIFT_VERSION = 5.0;
				TARGETED_DEVICE_FAMILY = "1,2";
			};
			name = Release;
		};
		8C23890E286F8FCF00547C96 /* Debug */ = {
			isa = XCBuildConfiguration;
			buildSettings = {
				ALWAYS_EMBED_SWIFT_STANDARD_LIBRARIES = YES;
				BUNDLE_LOADER = "$(TEST_HOST)";
				CODE_SIGN_STYLE = Automatic;
				CURRENT_PROJECT_VERSION = 1;
				DEVELOPMENT_TEAM = C5YF5J9V8N;
				GENERATE_INFOPLIST_FILE = YES;
				IPHONEOS_DEPLOYMENT_TARGET = 15.2;
				MARKETING_VERSION = 1.0;
				PRODUCT_BUNDLE_IDENTIFIER = comndrt.DiscountTests;
				PRODUCT_NAME = "$(TARGET_NAME)";
				SWIFT_EMIT_LOC_STRINGS = NO;
				SWIFT_VERSION = 5.0;
				TARGETED_DEVICE_FAMILY = "1,2";
				TEST_HOST = "$(BUILT_PRODUCTS_DIR)/Discount.app/Discount";
			};
			name = Debug;
		};
		8C23890F286F8FCF00547C96 /* Release */ = {
			isa = XCBuildConfiguration;
			buildSettings = {
				ALWAYS_EMBED_SWIFT_STANDARD_LIBRARIES = YES;
				BUNDLE_LOADER = "$(TEST_HOST)";
				CODE_SIGN_STYLE = Automatic;
				CURRENT_PROJECT_VERSION = 1;
				DEVELOPMENT_TEAM = C5YF5J9V8N;
				GENERATE_INFOPLIST_FILE = YES;
				IPHONEOS_DEPLOYMENT_TARGET = 15.2;
				MARKETING_VERSION = 1.0;
				PRODUCT_BUNDLE_IDENTIFIER = comndrt.DiscountTests;
				PRODUCT_NAME = "$(TARGET_NAME)";
				SWIFT_EMIT_LOC_STRINGS = NO;
				SWIFT_VERSION = 5.0;
				TARGETED_DEVICE_FAMILY = "1,2";
				TEST_HOST = "$(BUILT_PRODUCTS_DIR)/Discount.app/Discount";
			};
			name = Release;
		};
		8C238911286F8FCF00547C96 /* Debug */ = {
			isa = XCBuildConfiguration;
			buildSettings = {
				ALWAYS_EMBED_SWIFT_STANDARD_LIBRARIES = YES;
				CODE_SIGN_STYLE = Automatic;
				CURRENT_PROJECT_VERSION = 1;
				DEVELOPMENT_TEAM = C5YF5J9V8N;
				GENERATE_INFOPLIST_FILE = YES;
				MARKETING_VERSION = 1.0;
				PRODUCT_BUNDLE_IDENTIFIER = comndrt.DiscountUITests;
				PRODUCT_NAME = "$(TARGET_NAME)";
				SWIFT_EMIT_LOC_STRINGS = NO;
				SWIFT_VERSION = 5.0;
				TARGETED_DEVICE_FAMILY = "1,2";
				TEST_TARGET_NAME = Discount;
			};
			name = Debug;
		};
		8C238912286F8FCF00547C96 /* Release */ = {
			isa = XCBuildConfiguration;
			buildSettings = {
				ALWAYS_EMBED_SWIFT_STANDARD_LIBRARIES = YES;
				CODE_SIGN_STYLE = Automatic;
				CURRENT_PROJECT_VERSION = 1;
				DEVELOPMENT_TEAM = C5YF5J9V8N;
				GENERATE_INFOPLIST_FILE = YES;
				MARKETING_VERSION = 1.0;
				PRODUCT_BUNDLE_IDENTIFIER = comndrt.DiscountUITests;
				PRODUCT_NAME = "$(TARGET_NAME)";
				SWIFT_EMIT_LOC_STRINGS = NO;
				SWIFT_VERSION = 5.0;
				TARGETED_DEVICE_FAMILY = "1,2";
				TEST_TARGET_NAME = Discount;
			};
			name = Release;
		};
/* End XCBuildConfiguration section */

/* Begin XCConfigurationList section */
		8C2388DB286F8FCE00547C96 /* Build configuration list for PBXProject "Discount" */ = {
			isa = XCConfigurationList;
			buildConfigurations = (
				8C238908286F8FCF00547C96 /* Debug */,
				8C238909286F8FCF00547C96 /* Release */,
			);
			defaultConfigurationIsVisible = 0;
			defaultConfigurationName = Release;
		};
		8C23890A286F8FCF00547C96 /* Build configuration list for PBXNativeTarget "Discount" */ = {
			isa = XCConfigurationList;
			buildConfigurations = (
				8C23890B286F8FCF00547C96 /* Debug */,
				8C23890C286F8FCF00547C96 /* Release */,
			);
			defaultConfigurationIsVisible = 0;
			defaultConfigurationName = Release;
		};
		8C23890D286F8FCF00547C96 /* Build configuration list for PBXNativeTarget "DiscountTests" */ = {
			isa = XCConfigurationList;
			buildConfigurations = (
				8C23890E286F8FCF00547C96 /* Debug */,
				8C23890F286F8FCF00547C96 /* Release */,
			);
			defaultConfigurationIsVisible = 0;
			defaultConfigurationName = Release;
		};
		8C238910286F8FCF00547C96 /* Build configuration list for PBXNativeTarget "DiscountUITests" */ = {
			isa = XCConfigurationList;
			buildConfigurations = (
				8C238911286F8FCF00547C96 /* Debug */,
				8C238912286F8FCF00547C96 /* Release */,
			);
			defaultConfigurationIsVisible = 0;
			defaultConfigurationName = Release;
		};
/* End XCConfigurationList section */
	};
	rootObject = 8C2388D8286F8FCE00547C96 /* Project object */;
}
